
Microsoft Visual Studio Solution File, Format Version 12.00
# Visual Studio Version 17
VisualStudioVersion = 17.1.32210.238
MinimumVisualStudioVersion = 10.0.40219.1
Project("{FAE04EC0-301F-11D3-BF4B-00C04F79EFBC}") = "WpfAppGazpromTask", "WpfAppGazpromTask\WpfAppGazpromTask.csproj", "{34BE9CDC-5C1A-483F-B093-BE7326EC0373}"
EndProject
Global
	GlobalSection(SolutionConfigurationPlatforms) = preSolution
		Debug|Any CPU = Debug|Any CPU
		Release|Any CPU = Release|Any CPU
	EndGlobalSection
	GlobalSection(ProjectConfigurationPlatforms) = postSolution
		{34BE9CDC-5C1A-483F-B093-BE7326EC0373}.Debug|Any CPU.ActiveCfg = Debug|Any CPU
		{34BE9CDC-5C1A-483F-B093-BE7326EC0373}.Debug|Any CPU.Build.0 = Debug|Any CPU
		{34BE9CDC-5C1A-483F-B093-BE7326EC0373}.Release|Any CPU.ActiveCfg = Release|Any CPU
		{34BE9CDC-5C1A-483F-B093-BE7326EC0373}.Release|Any CPU.Build.0 = Release|Any CPU
	EndGlobalSection
	GlobalSection(SolutionProperties) = preSolution
		HideSolutionNode = FALSE
	EndGlobalSection
	GlobalSection(ExtensibilityGlobals) = postSolution
		SolutionGuid = {131E1DDE-CE66-4A2C-BBB4-77EB0F4F8B7D}
	EndGlobalSection
EndGlobal
